
Microsoft Visual Studio Solution File, Format Version 12.00
# Visual Studio Version 16
VisualStudioVersion = 16.0.32413.511
MinimumVisualStudioVersion = 10.0.40219.1
Project("{8BC9CEB8-8B4A-11D0-8D11-00A0C91BC942}") = "OOPLab2Tpl", "OOPLab2Tpl\OOPLab2Tpl.vcxproj", "{9EEE8853-3785-4376-A67F-7A0BFCBBFC16}"
EndProject
Global
	GlobalSection(SolutionConfigurationPlatforms) = preSolution
		Debug|x64 = Debug|x64
		Debug|x86 = Debug|x86
		Release|x64 = Release|x64
		Release|x86 = Release|x86
	EndGlobalSection
	GlobalSection(ProjectConfigurationPlatforms) = postSolution
		{9EEE8853-3785-4376-A67F-7A0BFCBBFC16}.Debug|x64.ActiveCfg = Debug|x64
		{9EEE8853-3785-4376-A67F-7A0BFCBBFC16}.Debug|x64.Build.0 = Debug|x64
		{9EEE8853-3785-4376-A67F-7A0BFCBBFC16}.Debug|x86.ActiveCfg = Debug|Win32
		{9EEE8853-3785-4376-A67F-7A0BFCBBFC16}.Debug|x86.Build.0 = Debug|Win32
		{9EEE8853-3785-4376-A67F-7A0BFCBBFC16}.Release|x64.ActiveCfg = Release|x64
		{9EEE8853-3785-4376-A67F-7A0BFCBBFC16}.Release|x64.Build.0 = Release|x64
		{9EEE8853-3785-4376-A67F-7A0BFCBBFC16}.Release|x86.ActiveCfg = Release|Win32
		{9EEE8853-3785-4376-A67F-7A0BFCBBFC16}.Release|x86.Build.0 = Release|Win32
	EndGlobalSection
	GlobalSection(SolutionProperties) = preSolution
		HideSolutionNode = FALSE
	EndGlobalSection
	GlobalSection(ExtensibilityGlobals) = postSolution
		SolutionGuid = {55425BF6-30A7-4606-94F7-0BB071132465}
	EndGlobalSection
EndGlobal
